
Microsoft Visual Studio Solution File, Format Version 12.00
# Visual Studio Version 16
VisualStudioVersion = 16.0.29123.88
MinimumVisualStudioVersion = 10.0.40219.1
Project("{FAE04EC0-301F-11D3-BF4B-00C04F79EFBC}") = "Epam.PR1_Task2", "Epam.PR1_Task2\Epam.PR1_Task2.csproj", "{2D76E4D6-D6AF-41E5-A9BC-3DEF48BFCEDE}"
EndProject
Project("{FAE04EC0-301F-11D3-BF4B-00C04F79EFBC}") = "Polynomial", "Polynomial\Polynomial.csproj", "{C467819F-0A80-47D5-9AC7-28EF89302804}"
EndProject
Project("{FAE04EC0-301F-11D3-BF4B-00C04F79EFBC}") = "PolynomialTest", "PolynomialTest\PolynomialTest.csproj", "{266F36E7-BA90-424C-9644-ACC3D052F175}"
EndProject
Global
	GlobalSection(SolutionConfigurationPlatforms) = preSolution
		Debug|Any CPU = Debug|Any CPU
		Release|Any CPU = Release|Any CPU
	EndGlobalSection
	GlobalSection(ProjectConfigurationPlatforms) = postSolution
		{2D76E4D6-D6AF-41E5-A9BC-3DEF48BFCEDE}.Debug|Any CPU.ActiveCfg = Debug|Any CPU
		{2D76E4D6-D6AF-41E5-A9BC-3DEF48BFCEDE}.Debug|Any CPU.Build.0 = Debug|Any CPU
		{2D76E4D6-D6AF-41E5-A9BC-3DEF48BFCEDE}.Release|Any CPU.ActiveCfg = Release|Any CPU
		{2D76E4D6-D6AF-41E5-A9BC-3DEF48BFCEDE}.Release|Any CPU.Build.0 = Release|Any CPU
		{C467819F-0A80-47D5-9AC7-28EF89302804}.Debug|Any CPU.ActiveCfg = Debug|Any CPU
		{C467819F-0A80-47D5-9AC7-28EF89302804}.Debug|Any CPU.Build.0 = Debug|Any CPU
		{C467819F-0A80-47D5-9AC7-28EF89302804}.Release|Any CPU.ActiveCfg = Release|Any CPU
		{C467819F-0A80-47D5-9AC7-28EF89302804}.Release|Any CPU.Build.0 = Release|Any CPU
		{266F36E7-BA90-424C-9644-ACC3D052F175}.Debug|Any CPU.ActiveCfg = Debug|Any CPU
		{266F36E7-BA90-424C-9644-ACC3D052F175}.Debug|Any CPU.Build.0 = Debug|Any CPU
		{266F36E7-BA90-424C-9644-ACC3D052F175}.Release|Any CPU.ActiveCfg = Release|Any CPU
		{266F36E7-BA90-424C-9644-ACC3D052F175}.Release|Any CPU.Build.0 = Release|Any CPU
	EndGlobalSection
	GlobalSection(SolutionProperties) = preSolution
		HideSolutionNode = FALSE
	EndGlobalSection
	GlobalSection(ExtensibilityGlobals) = postSolution
		SolutionGuid = {E8A876EE-E590-49E1-8379-8DF279D9E5F8}
	EndGlobalSection
EndGlobal
